// !$*UTF8*$!
{
	archiveVersion = 1;
	classes = {
	};
	objectVersion = 50;
	objects = {

/* Begin PBXBuildFile section */
		F87A0A8D2652870B00E711E0 /* KCPGApp.swift in Sources */ = {isa = PBXBuildFile; fileRef = F87A0A8C2652870B00E711E0 /* KCPGApp.swift */; };
		F87A0A8F2652870B00E711E0 /* ContentView.swift in Sources */ = {isa = PBXBuildFile; fileRef = F87A0A8E2652870B00E711E0 /* ContentView.swift */; };
		F87A0A912652870D00E711E0 /* Assets.xcassets in Resources */ = {isa = PBXBuildFile; fileRef = F87A0A902652870D00E711E0 /* Assets.xcassets */; };
		F87A0A942652870D00E711E0 /* Preview Assets.xcassets in Resources */ = {isa = PBXBuildFile; fileRef = F87A0A932652870D00E711E0 /* Preview Assets.xcassets */; };
		F87A0A9F2652870D00E711E0 /* KCPGTests.swift in Sources */ = {isa = PBXBuildFile; fileRef = F87A0A9E2652870D00E711E0 /* KCPGTests.swift */; };
		F87A0AAA2652870D00E711E0 /* KCPGUITests.swift in Sources */ = {isa = PBXBuildFile; fileRef = F87A0AA92652870D00E711E0 /* KCPGUITests.swift */; };
		F87A0AB82652872100E711E0 /* ViewModel.swift in Sources */ = {isa = PBXBuildFile; fileRef = F87A0AB72652872100E711E0 /* ViewModel.swift */; };
/* End PBXBuildFile section */

/* Begin PBXContainerItemProxy section */
		F87A0A9B2652870D00E711E0 /* PBXContainerItemProxy */ = {
			isa = PBXContainerItemProxy;
			containerPortal = F87A0A812652870B00E711E0 /* Project object */;
			proxyType = 1;
			remoteGlobalIDString = F87A0A882652870B00E711E0;
			remoteInfo = KCPG;
		};
		F87A0AA62652870D00E711E0 /* PBXContainerItemProxy */ = {
			isa = PBXContainerItemProxy;
			containerPortal = F87A0A812652870B00E711E0 /* Project object */;
			proxyType = 1;
			remoteGlobalIDString = F87A0A882652870B00E711E0;
			remoteInfo = KCPG;
		};
/* End PBXContainerItemProxy section */

/* Begin PBXFileReference section */
		F87A0A892652870B00E711E0 /* KCPG.app */ = {isa = PBXFileReference; explicitFileType = wrapper.application; includeInIndex = 0; path = KCPG.app; sourceTree = BUILT_PRODUCTS_DIR; };
		F87A0A8C2652870B00E711E0 /* KCPGApp.swift */ = {isa = PBXFileReference; lastKnownFileType = sourcecode.swift; path = KCPGApp.swift; sourceTree = "<group>"; };
		F87A0A8E2652870B00E711E0 /* ContentView.swift */ = {isa = PBXFileReference; lastKnownFileType = sourcecode.swift; path = ContentView.swift; sourceTree = "<group>"; };
		F87A0A902652870D00E711E0 /* Assets.xcassets */ = {isa = PBXFileReference; lastKnownFileType = folder.assetcatalog; path = Assets.xcassets; sourceTree = "<group>"; };
		F87A0A932652870D00E711E0 /* Preview Assets.xcassets */ = {isa = PBXFileReference; lastKnownFileType = folder.assetcatalog; path = "Preview Assets.xcassets"; sourceTree = "<group>"; };
		F87A0A952652870D00E711E0 /* Info.plist */ = {isa = PBXFileReference; lastKnownFileType = text.plist.xml; path = Info.plist; sourceTree = "<group>"; };
		F87A0A9A2652870D00E711E0 /* KCPGTests.xctest */ = {isa = PBXFileReference; explicitFileType = wrapper.cfbundle; includeInIndex = 0; path = KCPGTests.xctest; sourceTree = BUILT_PRODUCTS_DIR; };
		F87A0A9E2652870D00E711E0 /* KCPGTests.swift */ = {isa = PBXFileReference; lastKnownFileType = sourcecode.swift; path = KCPGTests.swift; sourceTree = "<group>"; };
		F87A0AA02652870D00E711E0 /* Info.plist */ = {isa = PBXFileReference; lastKnownFileType = text.plist.xml; path = Info.plist; sourceTree = "<group>"; };
		F87A0AA52652870D00E711E0 /* KCPGUITests.xctest */ = {isa = PBXFileReference; explicitFileType = wrapper.cfbundle; includeInIndex = 0; path = KCPGUITests.xctest; sourceTree = BUILT_PRODUCTS_DIR; };
		F87A0AA92652870D00E711E0 /* KCPGUITests.swift */ = {isa = PBXFileReference; lastKnownFileType = sourcecode.swift; path = KCPGUITests.swift; sourceTree = "<group>"; };
		F87A0AAB2652870D00E711E0 /* Info.plist */ = {isa = PBXFileReference; lastKnownFileType = text.plist.xml; path = Info.plist; sourceTree = "<group>"; };
		F87A0AB72652872100E711E0 /* ViewModel.swift */ = {isa = PBXFileReference; lastKnownFileType = sourcecode.swift; path = ViewModel.swift; sourceTree = "<group>"; };
/* End PBXFileReference section */

/* Begin PBXFrameworksBuildPhase section */
		F87A0A862652870B00E711E0 /* Frameworks */ = {
			isa = PBXFrameworksBuildPhase;
			buildActionMask = 2147483647;
			files = (
			);
			runOnlyForDeploymentPostprocessing = 0;
		};
		F87A0A972652870D00E711E0 /* Frameworks */ = {
			isa = PBXFrameworksBuildPhase;
			buildActionMask = 2147483647;
			files = (
			);
			runOnlyForDeploymentPostprocessing = 0;
		};
		F87A0AA22652870D00E711E0 /* Frameworks */ = {
			isa = PBXFrameworksBuildPhase;
			buildActionMask = 2147483647;
			files = (
			);
			runOnlyForDeploymentPostprocessing = 0;
		};
/* End PBXFrameworksBuildPhase section */

/* Begin PBXGroup section */
		F87A0A802652870B00E711E0 = {
			isa = PBXGroup;
			children = (
				F87A0A8B2652870B00E711E0 /* KCPG */,
				F87A0A9D2652870D00E711E0 /* KCPGTests */,
				F87A0AA82652870D00E711E0 /* KCPGUITests */,
				F87A0A8A2652870B00E711E0 /* Products */,
			);
			sourceTree = "<group>";
		};
		F87A0A8A2652870B00E711E0 /* Products */ = {
			isa = PBXGroup;
			children = (
				F87A0A892652870B00E711E0 /* KCPG.app */,
				F87A0A9A2652870D00E711E0 /* KCPGTests.xctest */,
				F87A0AA52652870D00E711E0 /* KCPGUITests.xctest */,
			);
			name = Products;
			sourceTree = "<group>";
		};
		F87A0A8B2652870B00E711E0 /* KCPG */ = {
			isa = PBXGroup;
			children = (
				F87A0A8C2652870B00E711E0 /* KCPGApp.swift */,
				F87A0A8E2652870B00E711E0 /* ContentView.swift */,
				F87A0AB72652872100E711E0 /* ViewModel.swift */,
				F87A0A902652870D00E711E0 /* Assets.xcassets */,
				F87A0A952652870D00E711E0 /* Info.plist */,
				F87A0A922652870D00E711E0 /* Preview Content */,
			);
			path = KCPG;
			sourceTree = "<group>";
		};
		F87A0A922652870D00E711E0 /* Preview Content */ = {
			isa = PBXGroup;
			children = (
				F87A0A932652870D00E711E0 /* Preview Assets.xcassets */,
			);
			path = "Preview Content";
			sourceTree = "<group>";
		};
		F87A0A9D2652870D00E711E0 /* KCPGTests */ = {
			isa = PBXGroup;
			children = (
				F87A0A9E2652870D00E711E0 /* KCPGTests.swift */,
				F87A0AA02652870D00E711E0 /* Info.plist */,
			);
			path = KCPGTests;
			sourceTree = "<group>";
		};
		F87A0AA82652870D00E711E0 /* KCPGUITests */ = {
			isa = PBXGroup;
			children = (
				F87A0AA92652870D00E711E0 /* KCPGUITests.swift */,
				F87A0AAB2652870D00E711E0 /* Info.plist */,
			);
			path = KCPGUITests;
			sourceTree = "<group>";
		};
/* End PBXGroup section */

/* Begin PBXNativeTarget section */
		F87A0A882652870B00E711E0 /* KCPG */ = {
			isa = PBXNativeTarget;
			buildConfigurationList = F87A0AAE2652870D00E711E0 /* Build configuration list for PBXNativeTarget "KCPG" */;
			buildPhases = (
				F87A0A852652870B00E711E0 /* Sources */,
				F87A0A862652870B00E711E0 /* Frameworks */,
				F87A0A872652870B00E711E0 /* Resources */,
			);
			buildRules = (
			);
			dependencies = (
			);
			name = KCPG;
			productName = KCPG;
			productReference = F87A0A892652870B00E711E0 /* KCPG.app */;
			productType = "com.apple.product-type.application";
		};
		F87A0A992652870D00E711E0 /* KCPGTests */ = {
			isa = PBXNativeTarget;
			buildConfigurationList = F87A0AB12652870D00E711E0 /* Build configuration list for PBXNativeTarget "KCPGTests" */;
			buildPhases = (
				F87A0A962652870D00E711E0 /* Sources */,
				F87A0A972652870D00E711E0 /* Frameworks */,
				F87A0A982652870D00E711E0 /* Resources */,
			);
			buildRules = (
			);
			dependencies = (
				F87A0A9C2652870D00E711E0 /* PBXTargetDependency */,
			);
			name = KCPGTests;
			productName = KCPGTests;
			productReference = F87A0A9A2652870D00E711E0 /* KCPGTests.xctest */;
			productType = "com.apple.product-type.bundle.unit-test";
		};
		F87A0AA42652870D00E711E0 /* KCPGUITests */ = {
			isa = PBXNativeTarget;
			buildConfigurationList = F87A0AB42652870D00E711E0 /* Build configuration list for PBXNativeTarget "KCPGUITests" */;
			buildPhases = (
				F87A0AA12652870D00E711E0 /* Sources */,
				F87A0AA22652870D00E711E0 /* Frameworks */,
				F87A0AA32652870D00E711E0 /* Resources */,
			);
			buildRules = (
			);
			dependencies = (
				F87A0AA72652870D00E711E0 /* PBXTargetDependency */,
			);
			name = KCPGUITests;
			productName = KCPGUITests;
			productReference = F87A0AA52652870D00E711E0 /* KCPGUITests.xctest */;
			productType = "com.apple.product-type.bundle.ui-testing";
		};
/* End PBXNativeTarget section */

/* Begin PBXProject section */
		F87A0A812652870B00E711E0 /* Project object */ = {
			isa = PBXProject;
			attributes = {
				LastSwiftUpdateCheck = 1250;
				LastUpgradeCheck = 1250;
				TargetAttributes = {
					F87A0A882652870B00E711E0 = {
						CreatedOnToolsVersion = 12.5;
					};
					F87A0A992652870D00E711E0 = {
						CreatedOnToolsVersion = 12.5;
						TestTargetID = F87A0A882652870B00E711E0;
					};
					F87A0AA42652870D00E711E0 = {
						CreatedOnToolsVersion = 12.5;
						TestTargetID = F87A0A882652870B00E711E0;
					};
				};
			};
			buildConfigurationList = F87A0A842652870B00E711E0 /* Build configuration list for PBXProject "KCPG" */;
			compatibilityVersion = "Xcode 9.3";
			developmentRegion = en;
			hasScannedForEncodings = 0;
			knownRegions = (
				en,
				Base,
			);
			mainGroup = F87A0A802652870B00E711E0;
			productRefGroup = F87A0A8A2652870B00E711E0 /* Products */;
			projectDirPath = "";
			projectRoot = "";
			targets = (
				F87A0A882652870B00E711E0 /* KCPG */,
				F87A0A992652870D00E711E0 /* KCPGTests */,
				F87A0AA42652870D00E711E0 /* KCPGUITests */,
			);
		};
/* End PBXProject section */

/* Begin PBXResourcesBuildPhase section */
		F87A0A872652870B00E711E0 /* Resources */ = {
			isa = PBXResourcesBuildPhase;
			buildActionMask = 2147483647;
			files = (
				F87A0A942652870D00E711E0 /* Preview Assets.xcassets in Resources */,
				F87A0A912652870D00E711E0 /* Assets.xcassets in Resources */,
			);
			runOnlyForDeploymentPostprocessing = 0;
		};
		F87A0A982652870D00E711E0 /* Resources */ = {
			isa = PBXResourcesBuildPhase;
			buildActionMask = 2147483647;
			files = (
			);
			runOnlyForDeploymentPostprocessing = 0;
		};
		F87A0AA32652870D00E711E0 /* Resources */ = {
			isa = PBXResourcesBuildPhase;
			buildActionMask = 2147483647;
			files = (
			);
			runOnlyForDeploymentPostprocessing = 0;
		};
/* End PBXResourcesBuildPhase section */

/* Begin PBXSourcesBuildPhase section */
		F87A0A852652870B00E711E0 /* Sources */ = {
			isa = PBXSourcesBuildPhase;
			buildActionMask = 2147483647;
			files = (
				F87A0A8F2652870B00E711E0 /* ContentView.swift in Sources */,
				F87A0AB82652872100E711E0 /* ViewModel.swift in Sources */,
				F87A0A8D2652870B00E711E0 /* KCPGApp.swift in Sources */,
			);
			runOnlyForDeploymentPostprocessing = 0;
		};
		F87A0A962652870D00E711E0 /* Sources */ = {
			isa = PBXSourcesBuildPhase;
			buildActionMask = 2147483647;
			files = (
				F87A0A9F2652870D00E711E0 /* KCPGTests.swift in Sources */,
			);
			runOnlyForDeploymentPostprocessing = 0;
		};
		F87A0AA12652870D00E711E0 /* Sources */ = {
			isa = PBXSourcesBuildPhase;
			buildActionMask = 2147483647;
			files = (
				F87A0AAA2652870D00E711E0 /* KCPGUITests.swift in Sources */,
			);
			runOnlyForDeploymentPostprocessing = 0;
		};
/* End PBXSourcesBuildPhase section */

/* Begin PBXTargetDependency section */
		F87A0A9C2652870D00E711E0 /* PBXTargetDependency */ = {
			isa = PBXTargetDependency;
			target = F87A0A882652870B00E711E0 /* KCPG */;
			targetProxy = F87A0A9B2652870D00E711E0 /* PBXContainerItemProxy */;
		};
		F87A0AA72652870D00E711E0 /* PBXTargetDependency */ = {
			isa = PBXTargetDependency;
			target = F87A0A882652870B00E711E0 /* KCPG */;
			targetProxy = F87A0AA62652870D00E711E0 /* PBXContainerItemProxy */;
		};
/* End PBXTargetDependency section */

/* Begin XCBuildConfiguration section */
		F87A0AAC2652870D00E711E0 /* Debug */ = {
			isa = XCBuildConfiguration;
			buildSettings = {
				ALWAYS_SEARCH_USER_PATHS = NO;
				CLANG_ANALYZER_NONNULL = YES;
				CLANG_ANALYZER_NUMBER_OBJECT_CONVERSION = YES_AGGRESSIVE;
				CLANG_CXX_LANGUAGE_STANDARD = "gnu++14";
				CLANG_CXX_LIBRARY = "libc++";
				CLANG_ENABLE_MODULES = YES;
				CLANG_ENABLE_OBJC_ARC = YES;
				CLANG_ENABLE_OBJC_WEAK = YES;
				CLANG_WARN_BLOCK_CAPTURE_AUTORELEASING = YES;
				CLANG_WARN_BOOL_CONVERSION = YES;
				CLANG_WARN_COMMA = YES;
				CLANG_WARN_CONSTANT_CONVERSION = YES;
				CLANG_WARN_DEPRECATED_OBJC_IMPLEMENTATIONS = YES;
				CLANG_WARN_DIRECT_OBJC_ISA_USAGE = YES_ERROR;
				CLANG_WARN_DOCUMENTATION_COMMENTS = YES;
				CLANG_WARN_EMPTY_BODY = YES;
				CLANG_WARN_ENUM_CONVERSION = YES;
				CLANG_WARN_INFINITE_RECURSION = YES;
				CLANG_WARN_INT_CONVERSION = YES;
				CLANG_WARN_NON_LITERAL_NULL_CONVERSION = YES;
				CLANG_WARN_OBJC_IMPLICIT_RETAIN_SELF = YES;
				CLANG_WARN_OBJC_LITERAL_CONVERSION = YES;
				CLANG_WARN_OBJC_ROOT_CLASS = YES_ERROR;
				CLANG_WARN_QUOTED_INCLUDE_IN_FRAMEWORK_HEADER = YES;
				CLANG_WARN_RANGE_LOOP_ANALYSIS = YES;
				CLANG_WARN_STRICT_PROTOTYPES = YES;
				CLANG_WARN_SUSPICIOUS_MOVE = YES;
				CLANG_WARN_UNGUARDED_AVAILABILITY = YES_AGGRESSIVE;
				CLANG_WARN_UNREACHABLE_CODE = YES;
				CLANG_WARN__DUPLICATE_METHOD_MATCH = YES;
				COPY_PHASE_STRIP = NO;
				DEBUG_INFORMATION_FORMAT = dwarf;
				ENABLE_STRICT_OBJC_MSGSEND = YES;
				ENABLE_TESTABILITY = YES;
				GCC_C_LANGUAGE_STANDARD = gnu11;
				GCC_DYNAMIC_NO_PIC = NO;
				GCC_NO_COMMON_BLOCKS = YES;
				GCC_OPTIMIZATION_LEVEL = 0;
				GCC_PREPROCESSOR_DEFINITIONS = (
					"DEBUG=1",
					"$(inherited)",
				);
				GCC_WARN_64_TO_32_BIT_CONVERSION = YES;
				GCC_WARN_ABOUT_RETURN_TYPE = YES_ERROR;
				GCC_WARN_UNDECLARED_SELECTOR = YES;
				GCC_WARN_UNINITIALIZED_AUTOS = YES_AGGRESSIVE;
				GCC_WARN_UNUSED_FUNCTION = YES;
				GCC_WARN_UNUSED_VARIABLE = YES;
				IPHONEOS_DEPLOYMENT_TARGET = 14.5;
				MTL_ENABLE_DEBUG_INFO = INCLUDE_SOURCE;
				MTL_FAST_MATH = YES;
				ONLY_ACTIVE_ARCH = YES;
				SDKROOT = iphoneos;
				SWIFT_ACTIVE_COMPILATION_CONDITIONS = DEBUG;
				SWIFT_OPTIMIZATION_LEVEL = "-Onone";
			};
			name = Debug;
		};
		F87A0AAD2652870D00E711E0 /* Release */ = {
			isa = XCBuildConfiguration;
			buildSettings = {
				ALWAYS_SEARCH_USER_PATHS = NO;
				CLANG_ANALYZER_NONNULL = YES;
				CLANG_ANALYZER_NUMBER_OBJECT_CONVERSION = YES_AGGRESSIVE;
				CLANG_CXX_LANGUAGE_STANDARD = "gnu++14";
				CLANG_CXX_LIBRARY = "libc++";
				CLANG_ENABLE_MODULES = YES;
				CLANG_ENABLE_OBJC_ARC = YES;
				CLANG_ENABLE_OBJC_WEAK = YES;
				CLANG_WARN_BLOCK_CAPTURE_AUTORELEASING = YES;
				CLANG_WARN_BOOL_CONVERSION = YES;
				CLANG_WARN_COMMA = YES;
				CLANG_WARN_CONSTANT_CONVERSION = YES;
				CLANG_WARN_DEPRECATED_OBJC_IMPLEMENTATIONS = YES;
				CLANG_WARN_DIRECT_OBJC_ISA_USAGE = YES_ERROR;
				CLANG_WARN_DOCUMENTATION_COMMENTS = YES;
				CLANG_WARN_EMPTY_BODY = YES;
				CLANG_WARN_ENUM_CONVERSION = YES;
				CLANG_WARN_INFINITE_RECURSION = YES;
				CLANG_WARN_INT_CONVERSION = YES;
				CLANG_WARN_NON_LITERAL_NULL_CONVERSION = YES;
				CLANG_WARN_OBJC_IMPLICIT_RETAIN_SELF = YES;
				CLANG_WARN_OBJC_LITERAL_CONVERSION = YES;
				CLANG_WARN_OBJC_ROOT_CLASS = YES_ERROR;
				CLANG_WARN_QUOTED_INCLUDE_IN_FRAMEWORK_HEADER = YES;
				CLANG_WARN_RANGE_LOOP_ANALYSIS = YES;
				CLANG_WARN_STRICT_PROTOTYPES = YES;
				CLANG_WARN_SUSPICIOUS_MOVE = YES;
				CLANG_WARN_UNGUARDED_AVAILABILITY = YES_AGGRESSIVE;
				CLANG_WARN_UNREACHABLE_CODE = YES;
				CLANG_WARN__DUPLICATE_METHOD_MATCH = YES;
				COPY_PHASE_STRIP = NO;
				DEBUG_INFORMATION_FORMAT = "dwarf-with-dsym";
				ENABLE_NS_ASSERTIONS = NO;
				ENABLE_STRICT_OBJC_MSGSEND = YES;
				GCC_C_LANGUAGE_STANDARD = gnu11;
				GCC_NO_COMMON_BLOCKS = YES;
				GCC_WARN_64_TO_32_BIT_CONVERSION = YES;
				GCC_WARN_ABOUT_RETURN_TYPE = YES_ERROR;
				GCC_WARN_UNDECLARED_SELECTOR = YES;
				GCC_WARN_UNINITIALIZED_AUTOS = YES_AGGRESSIVE;
				GCC_WARN_UNUSED_FUNCTION = YES;
				GCC_WARN_UNUSED_VARIABLE = YES;
				IPHONEOS_DEPLOYMENT_TARGET = 14.5;
				MTL_ENABLE_DEBUG_INFO = NO;
				MTL_FAST_MATH = YES;
				SDKROOT = iphoneos;
				SWIFT_COMPILATION_MODE = wholemodule;
				SWIFT_OPTIMIZATION_LEVEL = "-O";
				VALIDATE_PRODUCT = YES;
			};
			name = Release;
		};
		F87A0AAF2652870D00E711E0 /* Debug */ = {
			isa = XCBuildConfiguration;
			buildSettings = {
				ASSETCATALOG_COMPILER_APPICON_NAME = AppIcon;
				ASSETCATALOG_COMPILER_GLOBAL_ACCENT_COLOR_NAME = AccentColor;
				CODE_SIGN_STYLE = Automatic;
				DEVELOPMENT_ASSET_PATHS = "\"KCPG/Preview Content\"";
				DEVELOPMENT_TEAM = 6VC52FR9XZ;
				ENABLE_PREVIEWS = YES;
				INFOPLIST_FILE = KCPG/Info.plist;
				IPHONEOS_DEPLOYMENT_TARGET = 14.0;
				LD_RUNPATH_SEARCH_PATHS = (
					"$(inherited)",
					"@executable_path/Frameworks",
				);
				PRODUCT_BUNDLE_IDENTIFIER = at.arkulpa.KCPG;
				PRODUCT_NAME = "$(TARGET_NAME)";
				SWIFT_VERSION = 5.0;
				TARGETED_DEVICE_FAMILY = "1,2";
			};
			name = Debug;
		};
		F87A0AB02652870D00E711E0 /* Release */ = {
			isa = XCBuildConfiguration;
			buildSettings = {
				ASSETCATALOG_COMPILER_APPICON_NAME = AppIcon;
				ASSETCATALOG_COMPILER_GLOBAL_ACCENT_COLOR_NAME = AccentColor;
				CODE_SIGN_STYLE = Automatic;
				DEVELOPMENT_ASSET_PATHS = "\"KCPG/Preview Content\"";
				DEVELOPMENT_TEAM = 6VC52FR9XZ;
				ENABLE_PREVIEWS = YES;
				INFOPLIST_FILE = KCPG/Info.plist;
				IPHONEOS_DEPLOYMENT_TARGET = 14.0;
				LD_RUNPATH_SEARCH_PATHS = (
					"$(inherited)",
					"@executable_path/Frameworks",
				);
				PRODUCT_BUNDLE_IDENTIFIER = at.arkulpa.KCPG;
				PRODUCT_NAME = "$(TARGET_NAME)";
				SWIFT_VERSION = 5.0;
				TARGETED_DEVICE_FAMILY = "1,2";
			};
			name = Release;
		};
		F87A0AB22652870D00E711E0 /* Debug */ = {
			isa = XCBuildConfiguration;
			buildSettings = {
				ALWAYS_EMBED_SWIFT_STANDARD_LIBRARIES = YES;
				BUNDLE_LOADER = "$(TEST_HOST)";
				CODE_SIGN_STYLE = Automatic;
				DEVELOPMENT_TEAM = 6VC52FR9XZ;
				INFOPLIST_FILE = KCPGTests/Info.plist;
				IPHONEOS_DEPLOYMENT_TARGET = 14.0;
				LD_RUNPATH_SEARCH_PATHS = (
					"$(inherited)",
					"@executable_path/Frameworks",
					"@loader_path/Frameworks",
				);
				PRODUCT_BUNDLE_IDENTIFIER = at.arkulpa.KCPGTests;
				PRODUCT_NAME = "$(TARGET_NAME)";
				SWIFT_VERSION = 5.0;
				TARGETED_DEVICE_FAMILY = "1,2";
				TEST_HOST = "$(BUILT_PRODUCTS_DIR)/KCPG.app/KCPG";
			};
			name = Debug;
		};
		F87A0AB32652870D00E711E0 /* Release */ = {
			isa = XCBuildConfiguration;
			buildSettings = {
				ALWAYS_EMBED_SWIFT_STANDARD_LIBRARIES = YES;
				BUNDLE_LOADER = "$(TEST_HOST)";
				CODE_SIGN_STYLE = Automatic;
				DEVELOPMENT_TEAM = 6VC52FR9XZ;
				INFOPLIST_FILE = KCPGTests/Info.plist;
				IPHONEOS_DEPLOYMENT_TARGET = 14.0;
				LD_RUNPATH_SEARCH_PATHS = (
					"$(inherited)",
					"@executable_path/Frameworks",
					"@loader_path/Frameworks",
				);
				PRODUCT_BUNDLE_IDENTIFIER = at.arkulpa.KCPGTests;
				PRODUCT_NAME = "$(TARGET_NAME)";
				SWIFT_VERSION = 5.0;
				TARGETED_DEVICE_FAMILY = "1,2";
				TEST_HOST = "$(BUILT_PRODUCTS_DIR)/KCPG.app/KCPG";
			};
			name = Release;
		};
		F87A0AB52652870D00E711E0 /* Debug */ = {
			isa = XCBuildConfiguration;
			buildSettings = {
				ALWAYS_EMBED_SWIFT_STANDARD_LIBRARIES = YES;
				CODE_SIGN_STYLE = Automatic;
				DEVELOPMENT_TEAM = 6VC52FR9XZ;
				INFOPLIST_FILE = KCPGUITests/Info.plist;
				LD_RUNPATH_SEARCH_PATHS = (
					"$(inherited)",
					"@executable_path/Frameworks",
					"@loader_path/Frameworks",
				);
				PRODUCT_BUNDLE_IDENTIFIER = at.arkulpa.KCPGUITests;
				PRODUCT_NAME = "$(TARGET_NAME)";
				SWIFT_VERSION = 5.0;
				TARGETED_DEVICE_FAMILY = "1,2";
				TEST_TARGET_NAME = KCPG;
			};
			name = Debug;
		};
		F87A0AB62652870D00E711E0 /* Release */ = {
			isa = XCBuildConfiguration;
			buildSettings = {
				ALWAYS_EMBED_SWIFT_STANDARD_LIBRARIES = YES;
				CODE_SIGN_STYLE = Automatic;
				DEVELOPMENT_TEAM = 6VC52FR9XZ;
				INFOPLIST_FILE = KCPGUITests/Info.plist;
				LD_RUNPATH_SEARCH_PATHS = (
					"$(inherited)",
					"@executable_path/Frameworks",
					"@loader_path/Frameworks",
				);
				PRODUCT_BUNDLE_IDENTIFIER = at.arkulpa.KCPGUITests;
				PRODUCT_NAME = "$(TARGET_NAME)";
				SWIFT_VERSION = 5.0;
				TARGETED_DEVICE_FAMILY = "1,2";
				TEST_TARGET_NAME = KCPG;
			};
			name = Release;
		};
/* End XCBuildConfiguration section */

/* Begin XCConfigurationList section */
		F87A0A842652870B00E711E0 /* Build configuration list for PBXProject "KCPG" */ = {
			isa = XCConfigurationList;
			buildConfigurations = (
				F87A0AAC2652870D00E711E0 /* Debug */,
				F87A0AAD2652870D00E711E0 /* Release */,
			);
			defaultConfigurationIsVisible = 0;
			defaultConfigurationName = Release;
		};
		F87A0AAE2652870D00E711E0 /* Build configuration list for PBXNativeTarget "KCPG" */ = {
			isa = XCConfigurationList;
			buildConfigurations = (
				F87A0AAF2652870D00E711E0 /* Debug */,
				F87A0AB02652870D00E711E0 /* Release */,
			);
			defaultConfigurationIsVisible = 0;
			defaultConfigurationName = Release;
		};
		F87A0AB12652870D00E711E0 /* Build configuration list for PBXNativeTarget "KCPGTests" */ = {
			isa = XCConfigurationList;
			buildConfigurations = (
				F87A0AB22652870D00E711E0 /* Debug */,
				F87A0AB32652870D00E711E0 /* Release */,
			);
			defaultConfigurationIsVisible = 0;
			defaultConfigurationName = Release;
		};
		F87A0AB42652870D00E711E0 /* Build configuration list for PBXNativeTarget "KCPGUITests" */ = {
			isa = XCConfigurationList;
			buildConfigurations = (
				F87A0AB52652870D00E711E0 /* Debug */,
				F87A0AB62652870D00E711E0 /* Release */,
			);
			defaultConfigurationIsVisible = 0;
			defaultConfigurationName = Release;
		};
/* End XCConfigurationList section */
	};
	rootObject = F87A0A812652870B00E711E0 /* Project object */;
}
